{
    "_meta": {
        "sources": [
            {
                "url": "https://pypi.python.org/simple",
                "verify_ssl": true
            }
        ],
        "requires": {
            "python_version": "3.6"
        },
        "hash": {
            "sha256": "94882913bd8228498385e4b89abe5a8c8644d46aee71524f899d41604f3bd98b"
        }
    },
    "default": {
        "requests": {
            "hash": "sha256:1a720e8862a41aa22e339373b526f508ef0c8988baf48b84d3fc891a8e237efb",
            "version": "==2.13.0"
        },
        "python-dateutil": {
            "hash": "sha256:537bf2a8f8ce6f6862ad705cd68f9e405c0b5db014aa40fa29eab4335d4b1716",
            "version": "==2.6.0"
        },
        "discord.py": {
            "git": "https://github.com/Rapptz/discord.py"
        },
        "discord.py from git+https://github.com/Rapptz/discord.py#egg=discord.py": {
            "hash": "sha256:05ed427af4c9746b65159247208df06295b3533944b3b311b31f2b05fa5f8e5d",
            "version": "==0.16.5"
        },
        "chardet": {
            "hash": "sha256:e53e38b3a4afe6d1132de62b7400a4ac363452dc5dfcf8d88e8e0cce663c68aa",
            "version": "==2.3.0"
        },
        "aiohttp": {
            "hash": "sha256:c3e1897726f97d40e067e8b658b2dbdfe216f32b801c5c589212e1b1f9aa8388",
            "version": "==1.0.5"
        },
        "six": {
            "hash": "sha256:0ff78c403d9bccf5a425a6d31a12aa6b47f1c21ca4dc2573a7e2f32a97335eb1",
            "version": "==1.10.0"
        },
        "async_timeout": {
            "hash": "sha256:d848623229614d2a239375f003c65a0ecf3bcfed3a2fdba6ce83b31a8038c2a0",
            "version": "==1.1.0"
        },
        "websockets": {
            "hash": "sha256:df7dc89f2f37c49b4ec4ecb855fc3a6c8be350dd4027d08a7690a1b594975856",
            "version": "==3.2"
        },
        "multidict": {
            "hash": "sha256:a77aa8c9f68846c3b5db43ff8ed2a7a884dbe845d01f55113a3fba78518c4cd7",
            "version": "==2.1.4"
        }
    },
    "develop": {
        "flake8": {
            "hash": "sha256:dc9eed7667489b73b56b1714aa51f580601db364b61e1833908e931c6de47a65",
            "version": "==3.2.1"
        },
        "pyflakes": {
            "hash": "sha256:ad89dafee8ca32282116209a0ca4dff050bdc343af958721d5517d242c1215d5",
            "version": "==1.3.0"
        },
        "mccabe": {
            "hash": "sha256:f9b58bf366c1506dcd6117b33e5c4874746f0de859c9c7cab8b516cb6be1d22e",
            "version": "==0.5.3"
        },
        "pycodestyle": {
            "hash": "sha256:60c4e1c36f301ac539a550a29e9d16862069ec240472d86e5e71c4fc645829cb",
            "version": "==2.2.0"
        }
    }
}