{
    "default": {
        "requests": {
            "hash": "sha256:1a720e8862a41aa22e339373b526f508ef0c8988baf48b84d3fc891a8e237efb",
            "version": "==2.13.0"
        },
        "better-exceptions": {
            "hash": "sha256:6d3ae99beea2a8317a894656d9e8e668934d9f913eb5525635a9b8847451ec10",
            "version": "==0.1.5"
        },
        "chardet": {
            "hash": "sha256:aaf514bde38020b4f1e42c6a6e141f2827a8a58ccfc3b22b6ff5a1a4b50be56e",
            "version": "==2.3.0"
        },
        "six": {
            "hash": "sha256:0ff78c403d9bccf5a425a6d31a12aa6b47f1c21ca4dc2573a7e2f32a97335eb1",
            "version": "==1.10.0"
        },
        "multidict": {
            "hash": "sha256:a77aa8c9f68846c3b5db43ff8ed2a7a884dbe845d01f55113a3fba78518c4cd7",
            "version": "==2.1.4"
        },
        "websockets": {
            "hash": "sha256:df7dc89f2f37c49b4ec4ecb855fc3a6c8be350dd4027d08a7690a1b594975856",
            "version": "==3.2"
        },
        "discord.py from git+https://github.com/Rapptz/discord.py.git#egg=discord.py": {
            "hash": "sha256:d61675bc23c1fe7d5cd73bac6a28861dc1129f0567c1ab77293c7a8dea5f02b9",
            "version": "==0.16.7"
        },
        "python-dateutil": {
            "hash": "sha256:537bf2a8f8ce6f6862ad705cd68f9e405c0b5db014aa40fa29eab4335d4b1716",
            "version": "==2.6.0"
        },
        "aiohttp": {
            "hash": "sha256:c3e1897726f97d40e067e8b658b2dbdfe216f32b801c5c589212e1b1f9aa8388",
            "version": "==1.0.5"
        },
        "async_timeout": {
            "hash": "sha256:2507257417470f41e40ae9265d0abdbff6d936b6e0d5831132d35714c9cd433d",
            "version": "==1.2.0"
        }
    },
    "develop": {
        "mccabe": {
            "hash": "sha256:ab8a6258860da4b6677da4bd2fe5dc2c659cff31b3ee4f7f5d64e79735b80d42",
            "version": "==0.6.1"
        },
        "pycodestyle": {
            "hash": "sha256:6c4245ade1edfad79c3446fadfc96b0de2759662dc29d07d80a6f27ad1ca6ba9",
            "version": "==2.3.1"
        },
        "pyflakes": {
            "hash": "sha256:cc5eadfb38041f8366128786b4ca12700ed05bbf1403d808e89d57d67a3875a7",
            "version": "==1.5.0"
        },
        "flake8": {
            "hash": "sha256:83905eadba99f73fbfe966598aaf1682b3eb6755d2263c5b33a4e8367d60b0d1",
            "version": "==3.3.0"
        }
    },
    "_meta": {
        "requires": {},
        "hash": {
            "sha256": "41f2bb6c7cbac898a941dcfc9e9cf4e5efd7c135bfcc35d059746341d940eada"
        },
        "sources": [
            {
                "url": "https://pypi.python.org/simple",
                "verify_ssl": true
            }
        ]
    }
}